
Microsoft Visual Studio Solution File, Format Version 12.00
# Visual Studio Version 17
VisualStudioVersion = 17.9.34728.123
MinimumVisualStudioVersion = 10.0.40219.1
Project("{FAE04EC0-301F-11D3-BF4B-00C04F79EFBC}") = "contagem", "contagem\contagem.csproj", "{B39DA625-B03B-4BBB-B94E-3AA8581BE806}"
EndProject
Global
	GlobalSection(SolutionConfigurationPlatforms) = preSolution
		Debug|Any CPU = Debug|Any CPU
		Release|Any CPU = Release|Any CPU
	EndGlobalSection
	GlobalSection(ProjectConfigurationPlatforms) = postSolution
		{B39DA625-B03B-4BBB-B94E-3AA8581BE806}.Debug|Any CPU.ActiveCfg = Debug|Any CPU
		{B39DA625-B03B-4BBB-B94E-3AA8581BE806}.Debug|Any CPU.Build.0 = Debug|Any CPU
		{B39DA625-B03B-4BBB-B94E-3AA8581BE806}.Release|Any CPU.ActiveCfg = Release|Any CPU
		{B39DA625-B03B-4BBB-B94E-3AA8581BE806}.Release|Any CPU.Build.0 = Release|Any CPU
	EndGlobalSection
	GlobalSection(SolutionProperties) = preSolution
		HideSolutionNode = FALSE
	EndGlobalSection
	GlobalSection(ExtensibilityGlobals) = postSolution
		SolutionGuid = {AD00EC70-2688-4D9B-94A0-93386CE477A5}
	EndGlobalSection
EndGlobal
